
Microsoft Visual Studio Solution File, Format Version 12.00
# Visual Studio Version 17
VisualStudioVersion = 17.14.36414.22
MinimumVisualStudioVersion = 10.0.40219.1
Project("{FAE04EC0-301F-11D3-BF4B-00C04F79EFBC}") = "demo", "demo\demo.csproj", "{D951ACF3-5E9D-4CF0-BE3D-7368D6D2ECF0}"
EndProject
Project("{FAE04EC0-301F-11D3-BF4B-00C04F79EFBC}") = "palindrome", "palindrome\palindrome.csproj", "{3E087CEC-CC0D-4EEF-87E6-5E3C1BAC15BC}"
EndProject
Global
	GlobalSection(SolutionConfigurationPlatforms) = preSolution
		Debug|Any CPU = Debug|Any CPU
		Release|Any CPU = Release|Any CPU
	EndGlobalSection
	GlobalSection(ProjectConfigurationPlatforms) = postSolution
		{D951ACF3-5E9D-4CF0-BE3D-7368D6D2ECF0}.Debug|Any CPU.ActiveCfg = Debug|Any CPU
		{D951ACF3-5E9D-4CF0-BE3D-7368D6D2ECF0}.Debug|Any CPU.Build.0 = Debug|Any CPU
		{D951ACF3-5E9D-4CF0-BE3D-7368D6D2ECF0}.Release|Any CPU.ActiveCfg = Release|Any CPU
		{D951ACF3-5E9D-4CF0-BE3D-7368D6D2ECF0}.Release|Any CPU.Build.0 = Release|Any CPU
		{3E087CEC-CC0D-4EEF-87E6-5E3C1BAC15BC}.Debug|Any CPU.ActiveCfg = Debug|Any CPU
		{3E087CEC-CC0D-4EEF-87E6-5E3C1BAC15BC}.Debug|Any CPU.Build.0 = Debug|Any CPU
		{3E087CEC-CC0D-4EEF-87E6-5E3C1BAC15BC}.Release|Any CPU.ActiveCfg = Release|Any CPU
		{3E087CEC-CC0D-4EEF-87E6-5E3C1BAC15BC}.Release|Any CPU.Build.0 = Release|Any CPU
	EndGlobalSection
	GlobalSection(SolutionProperties) = preSolution
		HideSolutionNode = FALSE
	EndGlobalSection
	GlobalSection(ExtensibilityGlobals) = postSolution
		SolutionGuid = {3C42D6E3-7D9D-44A2-B317-B9065674A899}
	EndGlobalSection
EndGlobal
